
Microsoft Visual Studio Solution File, Format Version 12.00
# Visual Studio Version 17
VisualStudioVersion = 17.5.33414.496
MinimumVisualStudioVersion = 10.0.40219.1
Project("{FAE04EC0-301F-11D3-BF4B-00C04F79EFBC}") = "SirmaAssignment", "SirmaAssignment\SirmaAssignment.csproj", "{E867986F-7966-4F74-8D3A-94D4118463E9}"
EndProject
Project("{FAE04EC0-301F-11D3-BF4B-00C04F79EFBC}") = "SirmaAssignment.DAL", "SirmaAssignment.DAL\SirmaAssignment.DAL.csproj", "{38035EEF-9F40-42AB-A099-7899C184795C}"
EndProject
Project("{FAE04EC0-301F-11D3-BF4B-00C04F79EFBC}") = "SirmaAssignment.BL", "SirmaAssignment.BL\SirmaAssignment.BL.csproj", "{0F51B3A4-8174-4514-BC33-28049E134FC3}"
EndProject
Global
	GlobalSection(SolutionConfigurationPlatforms) = preSolution
		Debug|Any CPU = Debug|Any CPU
		Release|Any CPU = Release|Any CPU
	EndGlobalSection
	GlobalSection(ProjectConfigurationPlatforms) = postSolution
		{E867986F-7966-4F74-8D3A-94D4118463E9}.Debug|Any CPU.ActiveCfg = Debug|Any CPU
		{E867986F-7966-4F74-8D3A-94D4118463E9}.Debug|Any CPU.Build.0 = Debug|Any CPU
		{E867986F-7966-4F74-8D3A-94D4118463E9}.Release|Any CPU.ActiveCfg = Release|Any CPU
		{E867986F-7966-4F74-8D3A-94D4118463E9}.Release|Any CPU.Build.0 = Release|Any CPU
		{38035EEF-9F40-42AB-A099-7899C184795C}.Debug|Any CPU.ActiveCfg = Debug|Any CPU
		{38035EEF-9F40-42AB-A099-7899C184795C}.Debug|Any CPU.Build.0 = Debug|Any CPU
		{38035EEF-9F40-42AB-A099-7899C184795C}.Release|Any CPU.ActiveCfg = Release|Any CPU
		{38035EEF-9F40-42AB-A099-7899C184795C}.Release|Any CPU.Build.0 = Release|Any CPU
		{0F51B3A4-8174-4514-BC33-28049E134FC3}.Debug|Any CPU.ActiveCfg = Debug|Any CPU
		{0F51B3A4-8174-4514-BC33-28049E134FC3}.Debug|Any CPU.Build.0 = Debug|Any CPU
		{0F51B3A4-8174-4514-BC33-28049E134FC3}.Release|Any CPU.ActiveCfg = Release|Any CPU
		{0F51B3A4-8174-4514-BC33-28049E134FC3}.Release|Any CPU.Build.0 = Release|Any CPU
	EndGlobalSection
	GlobalSection(SolutionProperties) = preSolution
		HideSolutionNode = FALSE
	EndGlobalSection
	GlobalSection(ExtensibilityGlobals) = postSolution
		SolutionGuid = {E1C5DAE6-F318-4E9C-A7F6-28105F9CC030}
	EndGlobalSection
EndGlobal
